
Microsoft Visual Studio Solution File, Format Version 12.00
# Visual Studio 15
VisualStudioVersion = 15.0.27703.2042
MinimumVisualStudioVersion = 10.0.40219.1
Project("{9A19103F-16F7-4668-BE54-9A1E7A4F7556}") = "HubNetwork", "HubNetwork\HubNetwork.csproj", "{B10073C9-6E3C-4637-84F8-3AC383EF79F2}"
EndProject
Project("{9A19103F-16F7-4668-BE54-9A1E7A4F7556}") = "Tests", "Tests\Tests.csproj", "{FDA0E5F1-DF9A-49F7-9A5D-C2E268678A0B}"
EndProject
Project("{8BC9CEB8-8B4A-11D0-8D11-00A0C91BC942}") = "HubNetwork.Cpp", "HubNetwork.Cpp\HubNetwork.Cpp.vcxproj", "{A32803FE-A84A-4906-82E7-92D04DEE3286}"
EndProject
Global
	GlobalSection(SolutionConfigurationPlatforms) = preSolution
		Debug|Any CPU = Debug|Any CPU
		Debug|x64 = Debug|x64
		Debug|x86 = Debug|x86
		Release|Any CPU = Release|Any CPU
		Release|x64 = Release|x64
		Release|x86 = Release|x86
	EndGlobalSection
	GlobalSection(ProjectConfigurationPlatforms) = postSolution
		{B10073C9-6E3C-4637-84F8-3AC383EF79F2}.Debug|Any CPU.ActiveCfg = Debug|Any CPU
		{B10073C9-6E3C-4637-84F8-3AC383EF79F2}.Debug|Any CPU.Build.0 = Debug|Any CPU
		{B10073C9-6E3C-4637-84F8-3AC383EF79F2}.Debug|x64.ActiveCfg = Debug|Any CPU
		{B10073C9-6E3C-4637-84F8-3AC383EF79F2}.Debug|x64.Build.0 = Debug|Any CPU
		{B10073C9-6E3C-4637-84F8-3AC383EF79F2}.Debug|x86.ActiveCfg = Debug|Any CPU
		{B10073C9-6E3C-4637-84F8-3AC383EF79F2}.Debug|x86.Build.0 = Debug|Any CPU
		{B10073C9-6E3C-4637-84F8-3AC383EF79F2}.Release|Any CPU.ActiveCfg = Release|Any CPU
		{B10073C9-6E3C-4637-84F8-3AC383EF79F2}.Release|Any CPU.Build.0 = Release|Any CPU
		{B10073C9-6E3C-4637-84F8-3AC383EF79F2}.Release|x64.ActiveCfg = Release|Any CPU
		{B10073C9-6E3C-4637-84F8-3AC383EF79F2}.Release|x64.Build.0 = Release|Any CPU
		{B10073C9-6E3C-4637-84F8-3AC383EF79F2}.Release|x86.ActiveCfg = Release|Any CPU
		{B10073C9-6E3C-4637-84F8-3AC383EF79F2}.Release|x86.Build.0 = Release|Any CPU
		{FDA0E5F1-DF9A-49F7-9A5D-C2E268678A0B}.Debug|Any CPU.ActiveCfg = Debug|Any CPU
		{FDA0E5F1-DF9A-49F7-9A5D-C2E268678A0B}.Debug|Any CPU.Build.0 = Debug|Any CPU
		{FDA0E5F1-DF9A-49F7-9A5D-C2E268678A0B}.Debug|x64.ActiveCfg = Debug|Any CPU
		{FDA0E5F1-DF9A-49F7-9A5D-C2E268678A0B}.Debug|x64.Build.0 = Debug|Any CPU
		{FDA0E5F1-DF9A-49F7-9A5D-C2E268678A0B}.Debug|x86.ActiveCfg = Debug|Any CPU
		{FDA0E5F1-DF9A-49F7-9A5D-C2E268678A0B}.Debug|x86.Build.0 = Debug|Any CPU
		{FDA0E5F1-DF9A-49F7-9A5D-C2E268678A0B}.Release|Any CPU.ActiveCfg = Release|Any CPU
		{FDA0E5F1-DF9A-49F7-9A5D-C2E268678A0B}.Release|Any CPU.Build.0 = Release|Any CPU
		{FDA0E5F1-DF9A-49F7-9A5D-C2E268678A0B}.Release|x64.ActiveCfg = Release|Any CPU
		{FDA0E5F1-DF9A-49F7-9A5D-C2E268678A0B}.Release|x64.Build.0 = Release|Any CPU
		{FDA0E5F1-DF9A-49F7-9A5D-C2E268678A0B}.Release|x86.ActiveCfg = Release|Any CPU
		{FDA0E5F1-DF9A-49F7-9A5D-C2E268678A0B}.Release|x86.Build.0 = Release|Any CPU
		{A32803FE-A84A-4906-82E7-92D04DEE3286}.Debug|Any CPU.ActiveCfg = Debug|Win32
		{A32803FE-A84A-4906-82E7-92D04DEE3286}.Debug|x64.ActiveCfg = Debug|x64
		{A32803FE-A84A-4906-82E7-92D04DEE3286}.Debug|x64.Build.0 = Debug|x64
		{A32803FE-A84A-4906-82E7-92D04DEE3286}.Debug|x86.ActiveCfg = Debug|Win32
		{A32803FE-A84A-4906-82E7-92D04DEE3286}.Debug|x86.Build.0 = Debug|Win32
		{A32803FE-A84A-4906-82E7-92D04DEE3286}.Release|Any CPU.ActiveCfg = Release|Win32
		{A32803FE-A84A-4906-82E7-92D04DEE3286}.Release|x64.ActiveCfg = Release|x64
		{A32803FE-A84A-4906-82E7-92D04DEE3286}.Release|x64.Build.0 = Release|x64
		{A32803FE-A84A-4906-82E7-92D04DEE3286}.Release|x86.ActiveCfg = Release|Win32
		{A32803FE-A84A-4906-82E7-92D04DEE3286}.Release|x86.Build.0 = Release|Win32
	EndGlobalSection
	GlobalSection(SolutionProperties) = preSolution
		HideSolutionNode = FALSE
	EndGlobalSection
	GlobalSection(ExtensibilityGlobals) = postSolution
		SolutionGuid = {6894F191-4F17-4D7E-929A-6C01BA5B1E7B}
	EndGlobalSection
EndGlobal
